spec:
  structures:
    - footer
  label: Footer

blueprint:
  columns:
    - heading:
      links:

preview:
  columns:
    - heading: Lorem ipsum
      links:
        - _bookshop_name: elements/link
          label: Lorem ipsum dolor sit
          href: '#'
        - _bookshop_name: elements/link
          label: Lorem ipsum dolor sit
          href: '#'
        - _bookshop_name: elements/link
          label: Lorem ipsum dolor sit
          href: '#'
    - heading: Lorem ipsum
      links:
        - _bookshop_name: elements/link
          label: Lorem ipsum dolor sit
          href: '#'
        - _bookshop_name: elements/link
          label: Lorem ipsum dolor sit
          href: '#'
        - _bookshop_name: elements/link
          label: Lorem ipsum dolor sit
          href: '#'

config:

_inputs:



