spec:
  structures:
    - header
  label: Header

blueprint:
  links:
  buttons:

preview:
  links:
    - _bookshop_name: elements/link
      label: Lorem
      href: '#'
    - _bookshop_name: elements/link
      label: Lorem
      href: '#'
    - _bookshop_name: elements/link
      label: Lorem
      href: '#'
  buttons:
    - _bookshop_name: elements/button
      label: Lorem ipsum
      href: '#'
    - _bookshop_name: elements/button
      label: Lorem ipsum
      href: '#'

config:

_inputs:



